
Microsoft Visual Studio Solution File, Format Version 12.00
# Visual Studio 15
VisualStudioVersion = 15.0.28307.779
MinimumVisualStudioVersion = 10.0.40219.1
Project("{FAE04EC0-301F-11D3-BF4B-00C04F79EFBC}") = "CefSharp.WinForms.Example", "WinformExample\CefSharp.WinForms.Example.csproj", "{B6839FB6-C353-4E66-B9A5-E5691E1533AB}"
EndProject
Project("{FAE04EC0-301F-11D3-BF4B-00C04F79EFBC}") = "CefSharp.Example", "CefSharp.Example\CefSharp.Example.csproj", "{A4394E7B-1155-43A6-989E-8AB72DDDC9E4}"
EndProject
Project("{FAE04EC0-301F-11D3-BF4B-00C04F79EFBC}") = "FilteredEdgeBrowser", "FilteredEdgeBrowser\FilteredEdgeBrowser.csproj", "{64980D1A-A1DD-4C4F-BAB4-5FA89342D80F}"
EndProject
Project("{FAE04EC0-301F-11D3-BF4B-00C04F79EFBC}") = "BrowserTests", "FilteredEdgeBrowserTests\BrowserTests.csproj", "{E3A2B164-6A5F-4A8E-BB4C-3FCFD52FB2AB}"
EndProject
Project("{FAE04EC0-301F-11D3-BF4B-00C04F79EFBC}") = "FilteredCommon", "FilteredCommon\FilteredCommon.csproj", "{C768C124-53A2-48EE-AE47-D529B5B76515}"
EndProject
Project("{FAE04EC0-301F-11D3-BF4B-00C04F79EFBC}") = "OpenProcessAsUser", "OpenProcessAsUser\OpenProcessAsUser.csproj", "{7FD1FC89-C09A-4E30-B5F7-EF024FEADFDB}"
EndProject
Global
	GlobalSection(SolutionConfigurationPlatforms) = preSolution
		Debug|Any CPU = Debug|Any CPU
		Debug|x64 = Debug|x64
		Debug|x86 = Debug|x86
		Release|Any CPU = Release|Any CPU
		Release|x64 = Release|x64
		Release|x86 = Release|x86
	EndGlobalSection
	GlobalSection(ProjectConfigurationPlatforms) = postSolution
		{B6839FB6-C353-4E66-B9A5-E5691E1533AB}.Debug|Any CPU.ActiveCfg = Debug|Any CPU
		{B6839FB6-C353-4E66-B9A5-E5691E1533AB}.Debug|Any CPU.Build.0 = Debug|Any CPU
		{B6839FB6-C353-4E66-B9A5-E5691E1533AB}.Debug|x64.ActiveCfg = Debug|x64
		{B6839FB6-C353-4E66-B9A5-E5691E1533AB}.Debug|x64.Build.0 = Debug|x64
		{B6839FB6-C353-4E66-B9A5-E5691E1533AB}.Debug|x86.ActiveCfg = Debug|x86
		{B6839FB6-C353-4E66-B9A5-E5691E1533AB}.Debug|x86.Build.0 = Debug|x86
		{B6839FB6-C353-4E66-B9A5-E5691E1533AB}.Release|Any CPU.ActiveCfg = Release|Any CPU
		{B6839FB6-C353-4E66-B9A5-E5691E1533AB}.Release|Any CPU.Build.0 = Release|Any CPU
		{B6839FB6-C353-4E66-B9A5-E5691E1533AB}.Release|x64.ActiveCfg = Release|x64
		{B6839FB6-C353-4E66-B9A5-E5691E1533AB}.Release|x64.Build.0 = Release|x64
		{B6839FB6-C353-4E66-B9A5-E5691E1533AB}.Release|x86.ActiveCfg = Release|x86
		{B6839FB6-C353-4E66-B9A5-E5691E1533AB}.Release|x86.Build.0 = Release|x86
		{A4394E7B-1155-43A6-989E-8AB72DDDC9E4}.Debug|Any CPU.ActiveCfg = Debug|x86
		{A4394E7B-1155-43A6-989E-8AB72DDDC9E4}.Debug|x64.ActiveCfg = Debug|x64
		{A4394E7B-1155-43A6-989E-8AB72DDDC9E4}.Debug|x64.Build.0 = Debug|x64
		{A4394E7B-1155-43A6-989E-8AB72DDDC9E4}.Debug|x86.ActiveCfg = Debug|x86
		{A4394E7B-1155-43A6-989E-8AB72DDDC9E4}.Debug|x86.Build.0 = Debug|x86
		{A4394E7B-1155-43A6-989E-8AB72DDDC9E4}.Release|Any CPU.ActiveCfg = Release|x86
		{A4394E7B-1155-43A6-989E-8AB72DDDC9E4}.Release|x64.ActiveCfg = Release|x64
		{A4394E7B-1155-43A6-989E-8AB72DDDC9E4}.Release|x64.Build.0 = Release|x64
		{A4394E7B-1155-43A6-989E-8AB72DDDC9E4}.Release|x86.ActiveCfg = Release|x86
		{A4394E7B-1155-43A6-989E-8AB72DDDC9E4}.Release|x86.Build.0 = Release|x86
		{64980D1A-A1DD-4C4F-BAB4-5FA89342D80F}.Debug|Any CPU.ActiveCfg = Debug|Any CPU
		{64980D1A-A1DD-4C4F-BAB4-5FA89342D80F}.Debug|Any CPU.Build.0 = Debug|Any CPU
		{64980D1A-A1DD-4C4F-BAB4-5FA89342D80F}.Debug|x64.ActiveCfg = Debug|Any CPU
		{64980D1A-A1DD-4C4F-BAB4-5FA89342D80F}.Debug|x64.Build.0 = Debug|Any CPU
		{64980D1A-A1DD-4C4F-BAB4-5FA89342D80F}.Debug|x86.ActiveCfg = Debug|Any CPU
		{64980D1A-A1DD-4C4F-BAB4-5FA89342D80F}.Debug|x86.Build.0 = Debug|Any CPU
		{64980D1A-A1DD-4C4F-BAB4-5FA89342D80F}.Release|Any CPU.ActiveCfg = Release|Any CPU
		{64980D1A-A1DD-4C4F-BAB4-5FA89342D80F}.Release|Any CPU.Build.0 = Release|Any CPU
		{64980D1A-A1DD-4C4F-BAB4-5FA89342D80F}.Release|x64.ActiveCfg = Release|Any CPU
		{64980D1A-A1DD-4C4F-BAB4-5FA89342D80F}.Release|x64.Build.0 = Release|Any CPU
		{64980D1A-A1DD-4C4F-BAB4-5FA89342D80F}.Release|x86.ActiveCfg = Release|Any CPU
		{64980D1A-A1DD-4C4F-BAB4-5FA89342D80F}.Release|x86.Build.0 = Release|Any CPU
		{E3A2B164-6A5F-4A8E-BB4C-3FCFD52FB2AB}.Debug|Any CPU.ActiveCfg = Debug|Any CPU
		{E3A2B164-6A5F-4A8E-BB4C-3FCFD52FB2AB}.Debug|Any CPU.Build.0 = Debug|Any CPU
		{E3A2B164-6A5F-4A8E-BB4C-3FCFD52FB2AB}.Debug|x64.ActiveCfg = Debug|Any CPU
		{E3A2B164-6A5F-4A8E-BB4C-3FCFD52FB2AB}.Debug|x64.Build.0 = Debug|Any CPU
		{E3A2B164-6A5F-4A8E-BB4C-3FCFD52FB2AB}.Debug|x86.ActiveCfg = Debug|Any CPU
		{E3A2B164-6A5F-4A8E-BB4C-3FCFD52FB2AB}.Debug|x86.Build.0 = Debug|Any CPU
		{E3A2B164-6A5F-4A8E-BB4C-3FCFD52FB2AB}.Release|Any CPU.ActiveCfg = Release|Any CPU
		{E3A2B164-6A5F-4A8E-BB4C-3FCFD52FB2AB}.Release|Any CPU.Build.0 = Release|Any CPU
		{E3A2B164-6A5F-4A8E-BB4C-3FCFD52FB2AB}.Release|x64.ActiveCfg = Release|Any CPU
		{E3A2B164-6A5F-4A8E-BB4C-3FCFD52FB2AB}.Release|x64.Build.0 = Release|Any CPU
		{E3A2B164-6A5F-4A8E-BB4C-3FCFD52FB2AB}.Release|x86.ActiveCfg = Release|Any CPU
		{E3A2B164-6A5F-4A8E-BB4C-3FCFD52FB2AB}.Release|x86.Build.0 = Release|Any CPU
		{C768C124-53A2-48EE-AE47-D529B5B76515}.Debug|Any CPU.ActiveCfg = Debug|Any CPU
		{C768C124-53A2-48EE-AE47-D529B5B76515}.Debug|Any CPU.Build.0 = Debug|Any CPU
		{C768C124-53A2-48EE-AE47-D529B5B76515}.Debug|x64.ActiveCfg = Debug|Any CPU
		{C768C124-53A2-48EE-AE47-D529B5B76515}.Debug|x64.Build.0 = Debug|Any CPU
		{C768C124-53A2-48EE-AE47-D529B5B76515}.Debug|x86.ActiveCfg = Debug|Any CPU
		{C768C124-53A2-48EE-AE47-D529B5B76515}.Debug|x86.Build.0 = Debug|Any CPU
		{C768C124-53A2-48EE-AE47-D529B5B76515}.Release|Any CPU.ActiveCfg = Release|Any CPU
		{C768C124-53A2-48EE-AE47-D529B5B76515}.Release|Any CPU.Build.0 = Release|Any CPU
		{C768C124-53A2-48EE-AE47-D529B5B76515}.Release|x64.ActiveCfg = Release|Any CPU
		{C768C124-53A2-48EE-AE47-D529B5B76515}.Release|x64.Build.0 = Release|Any CPU
		{C768C124-53A2-48EE-AE47-D529B5B76515}.Release|x86.ActiveCfg = Release|Any CPU
		{C768C124-53A2-48EE-AE47-D529B5B76515}.Release|x86.Build.0 = Release|Any CPU
		{7FD1FC89-C09A-4E30-B5F7-EF024FEADFDB}.Debug|Any CPU.ActiveCfg = Debug|Any CPU
		{7FD1FC89-C09A-4E30-B5F7-EF024FEADFDB}.Debug|Any CPU.Build.0 = Debug|Any CPU
		{7FD1FC89-C09A-4E30-B5F7-EF024FEADFDB}.Debug|x64.ActiveCfg = Debug|Any CPU
		{7FD1FC89-C09A-4E30-B5F7-EF024FEADFDB}.Debug|x64.Build.0 = Debug|Any CPU
		{7FD1FC89-C09A-4E30-B5F7-EF024FEADFDB}.Debug|x86.ActiveCfg = Debug|Any CPU
		{7FD1FC89-C09A-4E30-B5F7-EF024FEADFDB}.Debug|x86.Build.0 = Debug|Any CPU
		{7FD1FC89-C09A-4E30-B5F7-EF024FEADFDB}.Release|Any CPU.ActiveCfg = Release|Any CPU
		{7FD1FC89-C09A-4E30-B5F7-EF024FEADFDB}.Release|Any CPU.Build.0 = Release|Any CPU
		{7FD1FC89-C09A-4E30-B5F7-EF024FEADFDB}.Release|x64.ActiveCfg = Release|Any CPU
		{7FD1FC89-C09A-4E30-B5F7-EF024FEADFDB}.Release|x64.Build.0 = Release|Any CPU
		{7FD1FC89-C09A-4E30-B5F7-EF024FEADFDB}.Release|x86.ActiveCfg = Release|Any CPU
		{7FD1FC89-C09A-4E30-B5F7-EF024FEADFDB}.Release|x86.Build.0 = Release|Any CPU
	EndGlobalSection
	GlobalSection(SolutionProperties) = preSolution
		HideSolutionNode = FALSE
	EndGlobalSection
	GlobalSection(ExtensibilityGlobals) = postSolution
		SolutionGuid = {1B6EFDBC-3D71-4B2F-9E09-74D19AD7579F}
	EndGlobalSection
EndGlobal
